version = 1
revision = 2
requires-python = ">=3.13"

[[package]]
name = "appdirs"
version = "1.4.4"
source = { registry = "https://pypi.org/simple" }
sdist = { url = "https://files.pythonhosted.org/packages/d7/d8/05696357e0311f5b5c316d7b95f46c669dd9c15aaeecbb48c7d0aeb88c40/appdirs-1.4.4.tar.gz", hash = "sha256:7d5d0167b2b1ba821647616af46a749d1c653740dd0d2415100fe26e27afdf41", size = 13470, upload-time = "2020-05-11T07:59:51.037Z" }
wheels = [
    { url = "https://files.pythonhosted.org/packages/3b/00/2344469e2084fb287c2e0b57b72910309874c3245463acd6cf5e3db69324/appdirs-1.4.4-py2.py3-none-any.whl", hash = "sha256:a841dacd6b99318a741b166adb07e19ee71a274450e68237b4650ca1055ab128", size = 9566, upload-time = "2020-05-11T07:59:49.499Z" },
]

[[package]]
name = "argcomplete"
version = "3.6.2"
source = { registry = "https://pypi.org/simple" }
sdist = { url = "https://files.pythonhosted.org/packages/16/0f/861e168fc813c56a78b35f3c30d91c6757d1fd185af1110f1aec784b35d0/argcomplete-3.6.2.tar.gz", hash = "sha256:d0519b1bc867f5f4f4713c41ad0aba73a4a5f007449716b16f385f2166dc6adf", size = 73403, upload-time = "2025-04-03T04:57:03.52Z" }
wheels = [
    { url = "https://files.pythonhosted.org/packages/31/da/e42d7a9d8dd33fa775f467e4028a47936da2f01e4b0e561f9ba0d74cb0ca/argcomplete-3.6.2-py3-none-any.whl", hash = "sha256:65b3133a29ad53fb42c48cf5114752c7ab66c1c38544fdf6460f450c09b42591", size = 43708, upload-time = "2025-04-03T04:57:01.591Z" },
]

[[package]]
name = "bleak"
version = "1.1.0"
source = { registry = "https://pypi.org/simple" }
dependencies = [
    { name = "dbus-fast", marker = "sys_platform == 'linux'" },
    { name = "pyobjc-core", marker = "sys_platform == 'darwin'" },
    { name = "pyobjc-framework-corebluetooth", marker = "sys_platform == 'darwin'" },
    { name = "pyobjc-framework-libdispatch", marker = "sys_platform == 'darwin'" },
    { name = "winrt-runtime", marker = "sys_platform == 'win32'" },
    { name = "winrt-windows-devices-bluetooth", marker = "sys_platform == 'win32'" },
    { name = "winrt-windows-devices-bluetooth-advertisement", marker = "sys_platform == 'win32'" },
    { name = "winrt-windows-devices-bluetooth-genericattributeprofile", marker = "sys_platform == 'win32'" },
    { name = "winrt-windows-devices-enumeration", marker = "sys_platform == 'win32'" },
    { name = "winrt-windows-foundation", marker = "sys_platform == 'win32'" },
    { name = "winrt-windows-foundation-collections", marker = "sys_platform == 'win32'" },
    { name = "winrt-windows-storage-streams", marker = "sys_platform == 'win32'" },
]
sdist = { url = "https://files.pythonhosted.org/packages/c1/84/a7d5056e148b02b7a3398fe122eea5b1585f0439d95958f019867a2ec4b6/bleak-1.1.0.tar.gz", hash = "sha256:0ace59c8cf5a2d8aa66a2493419b59ac6a119c2f72f6e57be8dbdd3f2c0270e0", size = 116100, upload-time = "2025-08-10T22:50:23.129Z" }
wheels = [
    { url = "https://files.pythonhosted.org/packages/fe/7a/fbfffec2f7839fa779a11a3d1d46edcd6cf790c135ff3a2eaa3777906fea/bleak-1.1.0-py3-none-any.whl", hash = "sha256:174e7836e1ab0879860cd24ddd0ac604bd192bcc1acb978892e27359f3f18304", size = 136236, upload-time = "2025-08-10T22:50:21.74Z" },
]

[[package]]
name = "colorama"
version = "0.4.6"
source = { registry = "https://pypi.org/simple" }
sdist = { url = "https://files.pythonhosted.org/packages/d8/53/6f443c9a4a8358a93a6792e2acffb9d9d5cb0a5cfd8802644b7b1c9a02e4/colorama-0.4.6.tar.gz", hash = "sha256:08695f5cb7ed6e0531a20572697297273c47b8cae5a63ffc6d6ed5c201be6e44", size = 27697, upload-time = "2022-10-25T02:36:22.414Z" }
wheels = [
    { url = "https://files.pythonhosted.org/packages/d1/d6/3965ed04c63042e047cb6a3e6ed1a63a35087b6a609aa3a15ed8ac56c221/colorama-0.4.6-py2.py3-none-any.whl", hash = "sha256:4f1d9991f5acc0ca119f9d443620b77f9d6b33703e51011c16baf57afb285fc6", size = 25335, upload-time = "2022-10-25T02:36:20.889Z" },
]

[[package]]
name = "dbus-fast"
version = "2.44.1"
source = { registry = "https://pypi.org/simple" }
sdist = { url = "https://files.pythonhosted.org/packages/c2/a1/9693ec018feed2a7d3420eac6c807eabc6eb84227913104123c0d2ea5737/dbus_fast-2.44.1.tar.gz", hash = "sha256:b027e96c39ed5622bb54d811dcdbbe9d9d6edec3454808a85a1ceb1867d9e25c", size = 72424, upload-time = "2025-04-03T19:07:20.042Z" }
wheels = [
    { url = "https://files.pythonhosted.org/packages/a5/ee/78bf56862fd6ae87998f1ef1d47849a9c5915abb4f0449a72b2c0885482b/dbus_fast-2.44.1-cp313-cp313-manylinux_2_17_aarch64.manylinux2014_aarch64.whl", hash = "sha256:89dc5db158bf9838979f732acc39e0e1ecd7e3295a09fa8adb93b09c097615a4", size = 834865, upload-time = "2025-04-03T19:22:20.408Z" },
    { url = "https://files.pythonhosted.org/packages/1b/67/2c0ef231189ff63fa49687f8529ad6bb5afc3bbfda5ba65d9ce3e816cfb8/dbus_fast-2.44.1-cp313-cp313-manylinux_2_17_i686.manylinux_2_5_i686.manylinux1_i686.manylinux2014_i686.whl", hash = "sha256:f11878c0c089d278861e48c02db8002496c2233b0f605b5630ef61f0b7fb0ea3", size = 905859, upload-time = "2025-04-03T19:22:22.106Z" },
    { url = "https://files.pythonhosted.org/packages/01/ef/9435eae3a658202c4342559b1dad82eb04edfa69fd803325e742c7627c6e/dbus_fast-2.44.1-cp313-cp313-manylinux_2_17_x86_64.manylinux2014_x86_64.whl", hash = "sha256:afd81f483b3ffb71e88478cfabccc1fab8d7154fccb1c661bfafcff9b0cfd996", size = 888654, upload-time = "2025-04-03T19:22:24.06Z" },
    { url = "https://files.pythonhosted.org/packages/80/08/9e870f0c4d82f7d6c224f502e51416d9855b2580093bb21b0fc240077a93/dbus_fast-2.44.1-cp313-cp313-manylinux_2_36_x86_64.whl", hash = "sha256:ad499de96a991287232749c98a59f2436ed260f6fd9ad4cb3b04a4b1bbbef148", size = 891721, upload-time = "2025-04-03T19:07:18.264Z" },
    { url = "https://files.pythonhosted.org/packages/53/d2/256fe23f403f8bb22d4fb67b6ad21bcc1c98e4528e2d30a4ae9851fac066/dbus_fast-2.44.1-cp313-cp313-musllinux_1_2_aarch64.whl", hash = "sha256:36c44286b11e83977cd29f9551b66b446bb6890dff04585852d975aa3a038ca2", size = 850255, upload-time = "2025-04-03T19:22:25.959Z" },
    { url = "https://files.pythonhosted.org/packages/28/ae/5d9964738bc9a59c9bb01bb4e196c541ed3495895297355c09283934756b/dbus_fast-2.44.1-cp313-cp313-musllinux_1_2_i686.whl", hash = "sha256:89f2f6eccbb0e464b90e5a8741deb9d6a91873eeb41a8c7b963962b39eb1e0cd", size = 939093, upload-time = "2025-04-03T19:22:27.481Z" },
    { url = "https://files.pythonhosted.org/packages/f5/3e/1c97abdf0f19ce26ac2f7f18c141495fc7459679d016475f4ad5dedef316/dbus_fast-2.44.1-cp313-cp313-musllinux_1_2_x86_64.whl", hash = "sha256:bb74a227b071e1a7c517bf3a3e4a5a0a2660620084162e74f15010075534c9d5", size = 915980, upload-time = "2025-04-03T19:22:29.067Z" },
]

[[package]]
name = "fll-fall-2025-unearthed"
version = "0.1.0"
source = { virtual = "." }
dependencies = [
    { name = "pybricks" },
    { name = "pybricksdev" },
]

[package.metadata]
requires-dist = [
    { name = "pybricks", specifier = "==3.6.1" },
    { name = "pybricksdev", specifier = "==2.0.0" },
]

[[package]]
name = "hidapi"
version = "0.14.0.post4"
source = { registry = "https://pypi.org/simple" }
dependencies = [
    { name = "setuptools" },
]
sdist = { url = "https://files.pythonhosted.org/packages/47/72/21ccaaca6ffb06f544afd16191425025d831c2a6d318635e9c8854070f2d/hidapi-0.14.0.post4.tar.gz", hash = "sha256:48fce253e526d17b663fbf9989c71c7ef7653ced5f4be65f1437c313fb3dbdf6", size = 174388, upload-time = "2024-11-19T16:38:10.316Z" }
wheels = [
    { url = "https://files.pythonhosted.org/packages/38/c7/8601f03a6eeeac35655245177b50bb00e707f3392e0a79c34637f8525207/hidapi-0.14.0.post4-cp313-cp313-macosx_10_13_x86_64.whl", hash = "sha256:6f96ae777e906f0a9d6f75e873313145dfec2b774f558bfcae8ba34f09792460", size = 70358, upload-time = "2024-11-19T16:36:46.405Z" },
    { url = "https://files.pythonhosted.org/packages/c1/5d/7376cf339fbe6fca26048e3c7e183ef4d99c046cc5d8378516a745914327/hidapi-0.14.0.post4-cp313-cp313-macosx_11_0_arm64.whl", hash = "sha256:6439fc9686518d0336fac8c5e370093279f53c997540065fce131c97567118d8", size = 68034, upload-time = "2024-11-19T16:36:47.419Z" },
    { url = "https://files.pythonhosted.org/packages/8c/5a/4bca20898c699810f016d2719b980fc57fe36d5012d03eca7a89ace98547/hidapi-0.14.0.post4-cp313-cp313-manylinux_2_17_aarch64.manylinux2014_aarch64.whl", hash = "sha256:2acadb4f1ae569c4f73ddb461af8733e8f5efcb290c3d0ef1b0671ba793b0ae3", size = 1075570, upload-time = "2024-11-19T16:36:48.931Z" },
    { url = "https://files.pythonhosted.org/packages/6a/c6/66e6b7c27297249bc737115dff4a1e819d3e0e73885160a3104ebec7ac13/hidapi-0.14.0.post4-cp313-cp313-manylinux_2_17_i686.manylinux2014_i686.whl", hash = "sha256:884fa003d899113e14908bd3b519c60b48fc3cec0410264dcbdad1c4a8fc2e8d", size = 1081482, upload-time = "2024-11-19T16:36:51.021Z" },
    { url = "https://files.pythonhosted.org/packages/86/a8/21e9860eddeefd0dc41b3f7e6e81cd9ff53c2b07130f57776b56a1dddc66/hidapi-0.14.0.post4-cp313-cp313-manylinux_2_17_x86_64.manylinux2014_x86_64.whl", hash = "sha256:8a2d466b995f8ff387d68c052d3b74ee981a4ddc4f1a99f32f2dc7022273dc11", size = 1069549, upload-time = "2024-11-19T16:36:52.808Z" },
    { url = "https://files.pythonhosted.org/packages/e8/01/3adf46a7ea5bf31f12e09d4392e1810e662101ba6611214ea6e2c35bea7a/hidapi-0.14.0.post4-cp313-cp313-musllinux_1_2_aarch64.whl", hash = "sha256:e1f6409854c0a8ed4d1fdbe88d5ee4baf6f19996d1561f76889a132cb083574d", size = 698200, upload-time = "2024-11-19T16:36:54.606Z" },
    { url = "https://files.pythonhosted.org/packages/f0/19/db15cd21bef1b0dc8ef4309c5734b64affb7e88540efd3c090f153cdae0b/hidapi-0.14.0.post4-cp313-cp313-musllinux_1_2_i686.whl", hash = "sha256:bca568a2b7d0d454c7921d70b1cc44f427eb6f95961b6d7b3b9b4532d0de74ef", size = 671554, upload-time = "2024-11-19T16:36:56.2Z" },
    { url = "https://files.pythonhosted.org/packages/f5/23/f896ee8f0977710c354bd1b9ac6d5206c12842bd39d78a357c866f8ec6b6/hidapi-0.14.0.post4-cp313-cp313-musllinux_1_2_x86_64.whl", hash = "sha256:9f14ac2737fd6f58d88d2e6bf8ebd03aac7b486c14d3f570b7b1d0013d61b726", size = 703897, upload-time = "2024-11-19T16:36:57.796Z" },
    { url = "https://files.pythonhosted.org/packages/9a/5e/3c93bb12b01392b538870bc710786fee86a9ced074a8b5c091a59786ee07/hidapi-0.14.0.post4-cp313-cp313-win32.whl", hash = "sha256:b6b9c4dbf7d7e2635ff129ce6ea82174865c073b75888b8b97dda5a3d9a70493", size = 62688, upload-time = "2024-11-19T16:36:59.124Z" },
    { url = "https://files.pythonhosted.org/packages/6a/a6/0d43ac0be00db25fb0c2c6125e15a3e3536196c9a7cd806d50ebfb37b375/hidapi-0.14.0.post4-cp313-cp313-win_amd64.whl", hash = "sha256:87218eeba366c871adcc273407aacbabab781d6a964919712d5583eded5ca50f", size = 69749, upload-time = "2024-11-19T16:37:00.561Z" },
]

[[package]]
name = "mpy-cross-v5"
version = "1.1.1"
source = { registry = "https://pypi.org/simple" }
sdist = { url = "https://files.pythonhosted.org/packages/95/ba/99ec689ad66521d97220073d1300d1b265c6fbb823bc6d2fffa3cef90698/mpy_cross_v5-1.1.1.tar.gz", hash = "sha256:71e7fa0fb49ca2192ba82142828ac43ac9167ed8165986788ab76ebc9c7e251d", size = 592739, upload-time = "2025-08-10T22:03:23.139Z" }
wheels = [
    { url = "https://files.pythonhosted.org/packages/ea/a1/bdca4d1d8473d0a353f6fb9954b39a6215c64d011d7cfef66f3ca9bff535/mpy_cross_v5-1.1.1-py3-none-macosx_10_13_x86_64.whl", hash = "sha256:e7e28be413df76e9efd904ee9d72cd559422c5d022b599d352f6b044e7450249", size = 140217, upload-time = "2025-08-10T22:03:15.293Z" },
    { url = "https://files.pythonhosted.org/packages/c4/53/62c32306bd27cd032d81c275d78700369ae20ae611f2b40cc8cfe294661a/mpy_cross_v5-1.1.1-py3-none-macosx_11_0_arm64.whl", hash = "sha256:13fdfaab4b17eb63d82baf01648f51d364375d1ce4769a91b1f04ae08e1d4845", size = 135797, upload-time = "2025-08-10T22:03:16.414Z" },
    { url = "https://files.pythonhosted.org/packages/15/05/200ae5ebe73482026371f54dd1804cb370d8c2d555739ba216d2094ff59a/mpy_cross_v5-1.1.1-py3-none-manylinux2014_aarch64.manylinux_2_17_aarch64.manylinux_2_28_aarch64.whl", hash = "sha256:8c5ca31c98a1d3b59c5b205c99d9ec55ae95bfc87f0aaed71702632eee27644b", size = 146358, upload-time = "2025-08-10T22:03:17.238Z" },
    { url = "https://files.pythonhosted.org/packages/52/f7/83a1e4260ba6330e9df0854cbf200f7b22e2e57cdd1e2a509b29ff12d46f/mpy_cross_v5-1.1.1-py3-none-manylinux2014_x86_64.manylinux_2_17_x86_64.manylinux_2_28_x86_64.whl", hash = "sha256:7716134c278820e51e8b8945ead91700400e89764ab563b018742ac0f434da57", size = 121802, upload-time = "2025-08-10T22:03:18.094Z" },
    { url = "https://files.pythonhosted.org/packages/ed/b9/3862d711a87b046e7243456cbe82372ef395498652d41e508c000c1d1b3a/mpy_cross_v5-1.1.1-py3-none-musllinux_1_2_aarch64.whl", hash = "sha256:40b27d1bd2990d5307f6a81fd49b40d6abc513400c197c4fb2ac053bb2717af9", size = 161895, upload-time = "2025-08-10T22:03:19.19Z" },
    { url = "https://files.pythonhosted.org/packages/80/a7/6606e7a927f8fa3d53503dc7ab4d3b7d6c17b33ec44061a2f766311772e6/mpy_cross_v5-1.1.1-py3-none-musllinux_1_2_x86_64.whl", hash = "sha256:56334b2155d5684cdd599ca39123694183770bf2a906a15565f7c9d467870ea5", size = 137393, upload-time = "2025-08-10T22:03:19.952Z" },
    { url = "https://files.pythonhosted.org/packages/ed/33/6edae96c9a1be62498a279f763ed71050ba61ab913c01dda9074e0b4b3c9/mpy_cross_v5-1.1.1-py3-none-win32.whl", hash = "sha256:190bc2fed95140639e4d7497db69695fcba2e321da83c889ac96ad6607332018", size = 136619, upload-time = "2025-08-10T22:03:20.71Z" },
    { url = "https://files.pythonhosted.org/packages/b9/da/b0257eef8272d8092f96da864c0444de41ea73f9e1c1cc5c3c68886b8332/mpy_cross_v5-1.1.1-py3-none-win_amd64.whl", hash = "sha256:16a0ace5dc8beb9294ef49b99da9fda2a917c00728db25b1055e1223d1f92162", size = 136624, upload-time = "2025-08-10T22:03:21.545Z" },
    { url = "https://files.pythonhosted.org/packages/a2/76/e51e15c10d7de65f5108ccc291838046a2866a68abc733582ecb268fce16/mpy_cross_v5-1.1.1-py3-none-win_arm64.whl", hash = "sha256:1bd61af3505517bbaf7237b35a1cefd4ef761bd47fdab653ad75e4b11bdf4197", size = 136624, upload-time = "2025-08-10T22:03:22.312Z" },
]

[[package]]
name = "mpy-cross-v6"
version = "1.1.1"
source = { registry = "https://pypi.org/simple" }
sdist = { url = "https://files.pythonhosted.org/packages/77/3f/c8e648701024138837249fba59e06cf0a06176f29c9323813b027255446d/mpy_cross_v6-1.1.1.tar.gz", hash = "sha256:114f672e205b3008a53dcdd17049b9ad074e6a322fcd1b85831b169f7c212b09", size = 609651, upload-time = "2025-08-10T22:02:31.592Z" }
wheels = [
    { url = "https://files.pythonhosted.org/packages/31/b6/7a5631616b4aacdfea52ae1ced2735724a4a287bcb05e6c9bb016fc7063f/mpy_cross_v6-1.1.1-py3-none-macosx_10_13_x86_64.whl", hash = "sha256:7b906e716ee83a4dc0bcbc826b08e188504c93c21c13f785693b2e90f1f30fcb", size = 142463, upload-time = "2025-08-10T22:02:22.771Z" },
    { url = "https://files.pythonhosted.org/packages/e2/8a/8dc1d2addeacdefe826ee3f7bcc726d5f7101ac2f02df836e2800970ba22/mpy_cross_v6-1.1.1-py3-none-macosx_11_0_arm64.whl", hash = "sha256:de6ed5bb5c615e46d70ef377222d75ea328105cf31641d703b409257a5280cef", size = 137584, upload-time = "2025-08-10T22:02:23.937Z" },
    { url = "https://files.pythonhosted.org/packages/fd/ad/2ef165dd00e714d3093f500708f95f95c8af5b2359f2ea4aed2b5aea99a3/mpy_cross_v6-1.1.1-py3-none-manylinux2014_aarch64.manylinux_2_17_aarch64.manylinux_2_28_aarch64.whl", hash = "sha256:b8eeba72f1660c9e104e7251ff44ed044b5c51daeacaff29f975c933ae05c1ff", size = 148330, upload-time = "2025-08-10T22:02:25.032Z" },
    { url = "https://files.pythonhosted.org/packages/80/46/1469ed3bbc905e944b8416e8cf9a7ff43dd769bd6506b7c40afd7316abb4/mpy_cross_v6-1.1.1-py3-none-manylinux2014_x86_64.manylinux_2_17_x86_64.manylinux_2_28_x86_64.whl", hash = "sha256:f5ba19205b564dd50b5decafbeeb5d2eee9d33693d9a91be1f3c05c2f8337c83", size = 124081, upload-time = "2025-08-10T22:02:26.096Z" },
    { url = "https://files.pythonhosted.org/packages/21/3e/ec45c46f57c064fbedf5b8eac7a2a4f5fb182578e8983b60b123e03a585f/mpy_cross_v6-1.1.1-py3-none-musllinux_1_2_aarch64.whl", hash = "sha256:5f08913194656d3311a57a9fc4b4cdfee11fee27dff836e78483690882acea4c", size = 162613, upload-time = "2025-08-10T22:02:27.056Z" },
    { url = "https://files.pythonhosted.org/packages/dc/6b/1df4797fe853dbdb4186f12b78e304ff339478a9e23d8695213347ecbda9/mpy_cross_v6-1.1.1-py3-none-musllinux_1_2_x86_64.whl", hash = "sha256:5d92751be41262614b3faf12b6aa7d5e04f7091759dfbbb63d63ba588f9072be", size = 138817, upload-time = "2025-08-10T22:02:28.165Z" },
    { url = "https://files.pythonhosted.org/packages/8a/2c/614e56749c7eda81be2fd362df0152e4871cf88d47e22e84e68ce343204c/mpy_cross_v6-1.1.1-py3-none-win32.whl", hash = "sha256:1622087481fc283db552c55f7609c93b7b8652a40d9414f5b7f2aeb0b8f6190e", size = 138449, upload-time = "2025-08-10T22:02:28.973Z" },
    { url = "https://files.pythonhosted.org/packages/c7/87/02884225e46eb358d3b247bb65a6350fa7404404d11cfd8784b04b4c423b/mpy_cross_v6-1.1.1-py3-none-win_amd64.whl", hash = "sha256:31ee72d045e3e295a9a6b9b3bfc649d1b373709db757c3bd5042e2c4fbd68b00", size = 138452, upload-time = "2025-08-10T22:02:30.019Z" },
    { url = "https://files.pythonhosted.org/packages/75/b6/ba36d7793352d9680febdbd6205e8b0a330e1b964c82d130ca0ec34f1217/mpy_cross_v6-1.1.1-py3-none-win_arm64.whl", hash = "sha256:12d740e48f65fbd1269509db0fe7de9e8093b1c77980f2f3a8d135f5ab18c965", size = 138451, upload-time = "2025-08-10T22:02:30.778Z" },
]

[[package]]
name = "packaging"
version = "22.0"
source = { registry = "https://pypi.org/simple" }
sdist = { url = "https://files.pythonhosted.org/packages/6b/f7/c240d7654ddd2d2f3f328d8468d4f1f876865f6b9038b146bec0a6737c65/packaging-22.0.tar.gz", hash = "sha256:2198ec20bd4c017b8f9717e00f0c8714076fc2fd93816750ab48e2c41de2cfd3", size = 125371, upload-time = "2022-12-07T23:18:13.097Z" }
wheels = [
    { url = "https://files.pythonhosted.org/packages/8f/7b/42582927d281d7cb035609cd3a543ffac89b74f3f4ee8e1c50914bcb57eb/packaging-22.0-py3-none-any.whl", hash = "sha256:957e2148ba0e1a3b282772e791ef1d8083648bc131c8ab0c1feba110ce1146c3", size = 42619, upload-time = "2022-12-07T23:18:10.23Z" },
]

[[package]]
name = "prompt-toolkit"
version = "3.0.51"
source = { registry = "https://pypi.org/simple" }
dependencies = [
    { name = "wcwidth" },
]
sdist = { url = "https://files.pythonhosted.org/packages/bb/6e/9d084c929dfe9e3bfe0c6a47e31f78a25c54627d64a66e884a8bf5474f1c/prompt_toolkit-3.0.51.tar.gz", hash = "sha256:931a162e3b27fc90c86f1b48bb1fb2c528c2761475e57c9c06de13311c7b54ed", size = 428940, upload-time = "2025-04-15T09:18:47.731Z" }
wheels = [
    { url = "https://files.pythonhosted.org/packages/ce/4f/5249960887b1fbe561d9ff265496d170b55a735b76724f10ef19f9e40716/prompt_toolkit-3.0.51-py3-none-any.whl", hash = "sha256:52742911fde84e2d423e2f9a4cf1de7d7ac4e51958f648d9540e0fb8db077b07", size = 387810, upload-time = "2025-04-15T09:18:44.753Z" },
]

[[package]]
name = "pybricks"
version = "3.6.1"
source = { registry = "https://pypi.org/simple" }
sdist = { url = "https://files.pythonhosted.org/packages/66/7f/30e66ae9e57375098803f19e6e397d1af3f8d848c105a5041d9934252b8a/pybricks-3.6.1.tar.gz", hash = "sha256:1836b5e14e143eec02a8c57d4677ab96a223a653e813567df072d90722d9f048", size = 47517, upload-time = "2025-05-01T09:32:10.847Z" }
wheels = [
    { url = "https://files.pythonhosted.org/packages/86/e9/a6259aeea4e4b01e92eee917b868564580efd84abdf823357ce6be92489d/pybricks-3.6.1-py3-none-any.whl", hash = "sha256:ff177a4c4728df1ea22cc7ac63c403affd0d1f64cc389a385f5b27561ab08c23", size = 59762, upload-time = "2025-05-01T09:32:09.306Z" },
]

[[package]]
name = "pybricksdev"
version = "2.0.0"
source = { registry = "https://pypi.org/simple" }
dependencies = [
    { name = "appdirs" },
    { name = "argcomplete" },
    { name = "bleak" },
    { name = "hidapi" },
    { name = "mpy-cross-v5" },
    { name = "mpy-cross-v6" },
    { name = "packaging" },
    { name = "prompt-toolkit" },
    { name = "pybricks", marker = "python_full_version < '4'" },
    { name = "pyusb" },
    { name = "reactivex", marker = "python_full_version < '4'" },
    { name = "semver" },
    { name = "tqdm" },
    { name = "typing-extensions" },
]
sdist = { url = "https://files.pythonhosted.org/packages/a2/94/a3471af079535bb41591a7f43a8a7d8924cfd649141fd5d9572b1bdeaf8f/pybricksdev-2.0.0.tar.gz", hash = "sha256:ede40a1b95cef3b58ef1803fdde8880f9f60a4b1d1a6aae3cc50fcabe3368acd", size = 211908, upload-time = "2025-08-10T23:06:57.513Z" }
wheels = [
    { url = "https://files.pythonhosted.org/packages/77/3f/fc6d4d4c62f563e44bd4b4399878837ef7109b8109d08747f5b19540b12c/pybricksdev-2.0.0-py3-none-any.whl", hash = "sha256:07114fb96aa6a7070ecbaf6841859ef5b60d9a43598dcafcaa7ecd61d406d3fd", size = 229755, upload-time = "2025-08-10T23:06:56.056Z" },
]

[[package]]
name = "pyobjc-core"
version = "10.3.2"
source = { registry = "https://pypi.org/simple" }
sdist = { url = "https://files.pythonhosted.org/packages/5d/07/2b3d63c0349fe4cf34d787a52a22faa156225808db2d1531fe58fabd779d/pyobjc_core-10.3.2.tar.gz", hash = "sha256:dbf1475d864ce594288ce03e94e3a98dc7f0e4639971eb1e312bdf6661c21e0e", size = 935182, upload-time = "2024-11-30T15:24:44.294Z" }
wheels = [
    { url = "https://files.pythonhosted.org/packages/08/27/e7b8240c116cd8231ac33daaf982e36f77be33cf5448bbc568ce17371a79/pyobjc_core-10.3.2-cp313-cp313-macosx_10_13_universal2.whl", hash = "sha256:76b8b911d94501dac89821df349b1860bb770dce102a1a293f524b5b09dd9462", size = 827885, upload-time = "2024-11-30T12:50:41.942Z" },
    { url = "https://files.pythonhosted.org/packages/de/a3/897cc31fca822a4df4ece31e4369dd9eae35bcb0b535fc9c7c21924268ba/pyobjc_core-10.3.2-cp313-cp313t-macosx_10_13_universal2.whl", hash = "sha256:8c6288fdb210b64115760a4504efbc4daffdc390d309e9318eb0e3e3b78d2828", size = 837794, upload-time = "2024-11-30T12:51:05.748Z" },
]

[[package]]
name = "pyobjc-framework-cocoa"
version = "10.3.2"
source = { registry = "https://pypi.org/simple" }
dependencies = [
    { name = "pyobjc-core" },
]
sdist = { url = "https://files.pythonhosted.org/packages/39/41/4f09a5e9a6769b4dafb293ea597ed693cc0def0e07867ad0a42664f530b6/pyobjc_framework_cocoa-10.3.2.tar.gz", hash = "sha256:673968e5435845bef969bfe374f31a1a6dc660c98608d2b84d5cae6eafa5c39d", size = 4942530, upload-time = "2024-11-30T15:30:27.244Z" }
wheels = [
    { url = "https://files.pythonhosted.org/packages/4e/c4/bccb4c05422170c0afccf6ebbdcc7551f7ddd03d2f7a65498d02cb179993/pyobjc_framework_Cocoa-10.3.2-cp313-cp313-macosx_10_13_universal2.whl", hash = "sha256:f1161b5713f9b9934c12649d73a6749617172e240f9431eff9e22175262fdfda", size = 381878, upload-time = "2024-11-30T13:18:26.24Z" },
    { url = "https://files.pythonhosted.org/packages/25/ec/68657a633512edb84ecb1ff47a067a81028d6f027aa923e806400d2f8a26/pyobjc_framework_Cocoa-10.3.2-cp313-cp313t-macosx_10_13_universal2.whl", hash = "sha256:08e48b9ee4eb393447b2b781d16663b954bd10a26927df74f92e924c05568d89", size = 384925, upload-time = "2024-11-30T13:18:28.171Z" },
]

[[package]]
name = "pyobjc-framework-corebluetooth"
version = "10.3.2"
source = { registry = "https://pypi.org/simple" }
dependencies = [
    { name = "pyobjc-core" },
    { name = "pyobjc-framework-cocoa" },
]
sdist = { url = "https://files.pythonhosted.org/packages/13/ca/35d205c3e153e7bc59a417560a45e27a2410439e6f78390f97c1a996c922/pyobjc_framework_corebluetooth-10.3.2.tar.gz", hash = "sha256:c0a077bc3a2466271efa382c1e024630bc43cc6f9ab8f3f97431ad08b1ad52bb", size = 50622, upload-time = "2024-11-30T15:32:18.741Z" }
wheels = [
    { url = "https://files.pythonhosted.org/packages/b8/74/9bfaa9af79d9ff51489c796775fe5715d67adae06b612f3ee776017bb24b/pyobjc_framework_CoreBluetooth-10.3.2-cp313-cp313t-macosx_10_13_universal2.whl", hash = "sha256:af3e2f935a6a7e5b009b4cf63c64899592a7b46c3ddcbc8f2e28848842ef65f4", size = 14095, upload-time = "2024-11-30T13:26:56.735Z" },
    { url = "https://files.pythonhosted.org/packages/f7/b0/9006d9d6cc5780fc190629ff42d8825fe7737dbe2077fbaae38813f0242e/pyobjc_framework_CoreBluetooth-10.3.2-cp36-abi3-macosx_10_13_universal2.whl", hash = "sha256:973b78f47c7e2209a475e60bcc7d1b4a87be6645d39b4e8290ee82640e1cc364", size = 13891, upload-time = "2024-11-30T13:26:57.745Z" },
    { url = "https://files.pythonhosted.org/packages/02/dd/b415258a86495c23962005bab11604562828dd183a009d04a82bc1f3a816/pyobjc_framework_CoreBluetooth-10.3.2-cp36-abi3-macosx_10_9_universal2.whl", hash = "sha256:4bafdf1be15eae48a4878dbbf1bf19877ce28cbbba5baa0267a9564719ee736e", size = 13843, upload-time = "2024-11-30T13:26:59.305Z" },
    { url = "https://files.pythonhosted.org/packages/c4/7d/d8a340f3ca0862969a02c6fe053902388e45966040b41d7e023b9dcf97c8/pyobjc_framework_CoreBluetooth-10.3.2-cp36-abi3-macosx_10_9_x86_64.whl", hash = "sha256:4d7dc7494de66c850bda7b173579df7481dc97046fa229d480fe9bf90b2b9651", size = 10082, upload-time = "2024-11-30T13:27:00.785Z" },
    { url = "https://files.pythonhosted.org/packages/e9/10/d9554ce442269a3c25d9bed9d8a5ffdc1fb5ab71b74bc52749a5f26a96c7/pyobjc_framework_CoreBluetooth-10.3.2-cp36-abi3-macosx_11_0_universal2.whl", hash = "sha256:62e09e730f4d98384f1b6d44718812195602b3c82d5c78e09f60e8a934e7b266", size = 13815, upload-time = "2024-11-30T13:27:01.628Z" },
]

[[package]]
name = "pyobjc-framework-libdispatch"
version = "10.3.2"
source = { registry = "https://pypi.org/simple" }
dependencies = [
    { name = "pyobjc-core" },
    { name = "pyobjc-framework-cocoa" },
]
sdist = { url = "https://files.pythonhosted.org/packages/4d/12/a908f3f94952c8c9e3d6e6bd425613a79692e7d400557ede047992439edc/pyobjc_framework_libdispatch-10.3.2.tar.gz", hash = "sha256:e9f4311fbf8df602852557a98d2a64f37a9d363acf4d75634120251bbc7b7304", size = 45132, upload-time = "2024-11-30T17:09:47.135Z" }
wheels = [
    { url = "https://files.pythonhosted.org/packages/86/cc/ff00f7d2e1774e8bbab4da59793f094bdf97c9f0d178f6ace29a89413082/pyobjc_framework_libdispatch-10.3.2-cp313-cp313-macosx_10_13_universal2.whl", hash = "sha256:1357729d5fded08fbf746834ebeef27bee07d6acb991f3b8366e8f4319d882c4", size = 15576, upload-time = "2024-11-30T15:22:01.505Z" },
    { url = "https://files.pythonhosted.org/packages/6b/27/530cd12bdc16938a85436ac5a81dccd85b35bac5e42144e623b69b052b76/pyobjc_framework_libdispatch-10.3.2-cp313-cp313t-macosx_10_13_universal2.whl", hash = "sha256:210398f9e1815ceeff49b578bf51c2d6a4a30d4c33f573da322f3d7da1add121", size = 15854, upload-time = "2024-11-30T15:22:02.457Z" },
]

[[package]]
name = "pyusb"
version = "1.3.1"
source = { registry = "https://pypi.org/simple" }
sdist = { url = "https://files.pythonhosted.org/packages/00/6b/ce3727395e52b7b76dfcf0c665e37d223b680b9becc60710d4bc08b7b7cb/pyusb-1.3.1.tar.gz", hash = "sha256:3af070b607467c1c164f49d5b0caabe8ac78dbed9298d703a8dbf9df4052d17e", size = 77281, upload-time = "2025-01-08T23:45:01.866Z" }
wheels = [
    { url = "https://files.pythonhosted.org/packages/28/b8/27e6312e86408a44fe16bd28ee12dd98608b39f7e7e57884a24e8f29b573/pyusb-1.3.1-py3-none-any.whl", hash = "sha256:bf9b754557af4717fe80c2b07cc2b923a9151f5c08d17bdb5345dac09d6a0430", size = 58465, upload-time = "2025-01-08T23:45:00.029Z" },
]

[[package]]
name = "reactivex"
version = "4.0.4"
source = { registry = "https://pypi.org/simple" }
dependencies = [
    { name = "typing-extensions" },
]
sdist = { url = "https://files.pythonhosted.org/packages/ef/63/f776322df4d7b456446eff78c4e64f14c3c26d57d46b4e06c18807d5d99c/reactivex-4.0.4.tar.gz", hash = "sha256:e912e6591022ab9176df8348a653fe8c8fa7a301f26f9931c9d8c78a650e04e8", size = 119177, upload-time = "2022-07-16T07:11:53.689Z" }
wheels = [
    { url = "https://files.pythonhosted.org/packages/69/3f/2ed8c1b8fe3fc2ed816ba40554ef703aad8c51700e2606c139fcf9b7f791/reactivex-4.0.4-py3-none-any.whl", hash = "sha256:0004796c420bd9e68aad8e65627d85a8e13f293de76656165dffbcb3a0e3fb6a", size = 217791, upload-time = "2022-07-16T07:11:52.061Z" },
]

[[package]]
name = "semver"
version = "2.13.0"
source = { registry = "https://pypi.org/simple" }
sdist = { url = "https://files.pythonhosted.org/packages/31/a9/b61190916030ee9af83de342e101f192bbb436c59be20a4cb0cdb7256ece/semver-2.13.0.tar.gz", hash = "sha256:fa0fe2722ee1c3f57eac478820c3a5ae2f624af8264cbdf9000c980ff7f75e3f", size = 45816, upload-time = "2020-10-20T20:16:54.454Z" }
wheels = [
    { url = "https://files.pythonhosted.org/packages/0b/70/b84f9944a03964a88031ef6ac219b6c91e8ba2f373362329d8770ef36f02/semver-2.13.0-py2.py3-none-any.whl", hash = "sha256:ced8b23dceb22134307c1b8abfa523da14198793d9787ac838e70e29e77458d4", size = 12901, upload-time = "2020-10-20T20:16:52.583Z" },
]

[[package]]
name = "setuptools"
version = "80.9.0"
source = { registry = "https://pypi.org/simple" }
sdist = { url = "https://files.pythonhosted.org/packages/18/5d/3bf57dcd21979b887f014ea83c24ae194cfcd12b9e0fda66b957c69d1fca/setuptools-80.9.0.tar.gz", hash = "sha256:f36b47402ecde768dbfafc46e8e4207b4360c654f1f3bb84475f0a28628fb19c", size = 1319958, upload-time = "2025-05-27T00:56:51.443Z" }
wheels = [
    { url = "https://files.pythonhosted.org/packages/a3/dc/17031897dae0efacfea57dfd3a82fdd2a2aeb58e0ff71b77b87e44edc772/setuptools-80.9.0-py3-none-any.whl", hash = "sha256:062d34222ad13e0cc312a4c02d73f059e86a4acbfbdea8f8f76b28c99f306922", size = 1201486, upload-time = "2025-05-27T00:56:49.664Z" },
]

[[package]]
name = "tqdm"
version = "4.67.1"
source = { registry = "https://pypi.org/simple" }
dependencies = [
    { name = "colorama", marker = "sys_platform == 'win32'" },
]
sdist = { url = "https://files.pythonhosted.org/packages/a8/4b/29b4ef32e036bb34e4ab51796dd745cdba7ed47ad142a9f4a1eb8e0c744d/tqdm-4.67.1.tar.gz", hash = "sha256:f8aef9c52c08c13a65f30ea34f4e5aac3fd1a34959879d7e59e63027286627f2", size = 169737, upload-time = "2024-11-24T20:12:22.481Z" }
wheels = [
    { url = "https://files.pythonhosted.org/packages/d0/30/dc54f88dd4a2b5dc8a0279bdd7270e735851848b762aeb1c1184ed1f6b14/tqdm-4.67.1-py3-none-any.whl", hash = "sha256:26445eca388f82e72884e0d580d5464cd801a3ea01e63e5601bdff9ba6a48de2", size = 78540, upload-time = "2024-11-24T20:12:19.698Z" },
]

[[package]]
name = "typing-extensions"
version = "4.14.0"
source = { registry = "https://pypi.org/simple" }
sdist = { url = "https://files.pythonhosted.org/packages/d1/bc/51647cd02527e87d05cb083ccc402f93e441606ff1f01739a62c8ad09ba5/typing_extensions-4.14.0.tar.gz", hash = "sha256:8676b788e32f02ab42d9e7c61324048ae4c6d844a399eebace3d4979d75ceef4", size = 107423, upload-time = "2025-06-02T14:52:11.399Z" }
wheels = [
    { url = "https://files.pythonhosted.org/packages/69/e0/552843e0d356fbb5256d21449fa957fa4eff3bbc135a74a691ee70c7c5da/typing_extensions-4.14.0-py3-none-any.whl", hash = "sha256:a1514509136dd0b477638fc68d6a91497af5076466ad0fa6c338e44e359944af", size = 43839, upload-time = "2025-06-02T14:52:10.026Z" },
]

[[package]]
name = "wcwidth"
version = "0.2.13"
source = { registry = "https://pypi.org/simple" }
sdist = { url = "https://files.pythonhosted.org/packages/6c/63/53559446a878410fc5a5974feb13d31d78d752eb18aeba59c7fef1af7598/wcwidth-0.2.13.tar.gz", hash = "sha256:72ea0c06399eb286d978fdedb6923a9eb47e1c486ce63e9b4e64fc18303972b5", size = 101301, upload-time = "2024-01-06T02:10:57.829Z" }
wheels = [
    { url = "https://files.pythonhosted.org/packages/fd/84/fd2ba7aafacbad3c4201d395674fc6348826569da3c0937e75505ead3528/wcwidth-0.2.13-py2.py3-none-any.whl", hash = "sha256:3da69048e4540d84af32131829ff948f1e022c1c6bdb8d6102117aac784f6859", size = 34166, upload-time = "2024-01-06T02:10:55.763Z" },
]

[[package]]
name = "winrt-runtime"
version = "3.2.1"
source = { registry = "https://pypi.org/simple" }
dependencies = [
    { name = "typing-extensions" },
]
sdist = { url = "https://files.pythonhosted.org/packages/16/dd/acdd527c1d890c8f852cc2af644aa6c160974e66631289420aa871b05e65/winrt_runtime-3.2.1.tar.gz", hash = "sha256:c8dca19e12b234ae6c3dadf1a4d0761b51e708457492c13beb666556958801ea", size = 21721, upload-time = "2025-06-06T14:40:27.593Z" }
wheels = [
    { url = "https://files.pythonhosted.org/packages/79/d4/1a555d8bdcb8b920f8e896232c82901cc0cda6d3e4f92842199ae7dff70a/winrt_runtime-3.2.1-cp313-cp313-win32.whl", hash = "sha256:44e2733bc709b76c554aee6c7fe079443b8306b2e661e82eecfebe8b9d71e4d1", size = 210022, upload-time = "2025-06-06T06:44:11.767Z" },
    { url = "https://files.pythonhosted.org/packages/aa/24/2b6e536ca7745d788dfd17a2ec376fa03a8c7116dc638bb39b035635484f/winrt_runtime-3.2.1-cp313-cp313-win_amd64.whl", hash = "sha256:3c1fdcaeedeb2920dc3b9039db64089a6093cad2be56a3e64acc938849245a6d", size = 241349, upload-time = "2025-06-06T06:44:12.661Z" },
    { url = "https://files.pythonhosted.org/packages/d4/7f/6d72973279e2929b2a71ed94198ad4a5d63ee2936e91a11860bf7b431410/winrt_runtime-3.2.1-cp313-cp313-win_arm64.whl", hash = "sha256:28f3dab083412625ff4d2b46e81246932e6bebddf67bea7f05e01712f54e6159", size = 415126, upload-time = "2025-06-06T06:44:13.702Z" },
]

[[package]]
name = "winrt-windows-devices-bluetooth"
version = "3.2.1"
source = { registry = "https://pypi.org/simple" }
dependencies = [
    { name = "winrt-runtime" },
]
sdist = { url = "https://files.pythonhosted.org/packages/b2/a0/1c8a0c469abba7112265c6cb52f0090d08a67c103639aee71fc690e614b8/winrt_windows_devices_bluetooth-3.2.1.tar.gz", hash = "sha256:db496d2d92742006d5a052468fc355bf7bb49e795341d695c374746113d74505", size = 23732, upload-time = "2025-06-06T14:41:20.489Z" }
wheels = [
    { url = "https://files.pythonhosted.org/packages/d4/cc/797516c5c0f8d7f5b680862e0ed7c1087c58aec0bcf57a417fa90f7eb983/winrt_windows_devices_bluetooth-3.2.1-cp313-cp313-win32.whl", hash = "sha256:12b0a16fb36ce0b42243ca81f22a6b53fbb344ed7ea07a6eeec294604f0505e4", size = 105757, upload-time = "2025-06-06T07:00:13.269Z" },
    { url = "https://files.pythonhosted.org/packages/05/6d/f60588846a065e69a2ec5e67c5f85eb45cb7edef2ee8974cd52fa8504de6/winrt_windows_devices_bluetooth-3.2.1-cp313-cp313-win_amd64.whl", hash = "sha256:6703dfbe444ee22426738830fb305c96a728ea9ccce905acfdf811d81045fdb3", size = 113363, upload-time = "2025-06-06T07:00:14.135Z" },
    { url = "https://files.pythonhosted.org/packages/2c/13/2d3c4762018b26a9f66879676ea15d7551cdbf339c8e8e0c56ea05ea31ef/winrt_windows_devices_bluetooth-3.2.1-cp313-cp313-win_arm64.whl", hash = "sha256:2cf8a0bfc9103e32dc7237af15f84be06c791f37711984abdca761f6318bbdb2", size = 104722, upload-time = "2025-06-06T07:00:14.999Z" },
]

[[package]]
name = "winrt-windows-devices-bluetooth-advertisement"
version = "3.2.1"
source = { registry = "https://pypi.org/simple" }
dependencies = [
    { name = "winrt-runtime" },
]
sdist = { url = "https://files.pythonhosted.org/packages/06/fc/7ffe66ca4109b9e994b27c00f3d2d506e6e549e268791f755287ad9106d8/winrt_windows_devices_bluetooth_advertisement-3.2.1.tar.gz", hash = "sha256:0223852a7b7fa5c8dea3c6a93473bd783df4439b1ed938d9871f947933e574cc", size = 16906, upload-time = "2025-06-06T14:41:21.448Z" }
wheels = [
    { url = "https://files.pythonhosted.org/packages/34/01/8fc8e57605ea08dd0723c035ed0c2d0435dace2bc80a66d33aecfea49a56/winrt_windows_devices_bluetooth_advertisement-3.2.1-cp313-cp313-win32.whl", hash = "sha256:4122348ea525a914e85615647a0b54ae8b2f42f92cdbf89c5a12eea53ef6ed90", size = 90037, upload-time = "2025-06-06T07:00:25.818Z" },
    { url = "https://files.pythonhosted.org/packages/86/83/503cf815d84c5ba8c8bc61480f32e55579ebf76630163405f7df39aa297b/winrt_windows_devices_bluetooth_advertisement-3.2.1-cp313-cp313-win_amd64.whl", hash = "sha256:b66410c04b8dae634a7e4b615c3b7f8adda9c7d4d6902bcad5b253da1a684943", size = 95822, upload-time = "2025-06-06T07:00:26.666Z" },
    { url = "https://files.pythonhosted.org/packages/32/13/052be8b6642e6f509b30c194312b37bfee8b6b60ac3bd5ca2968c3ea5b80/winrt_windows_devices_bluetooth_advertisement-3.2.1-cp313-cp313-win_arm64.whl", hash = "sha256:07af19b1d252ddb9dd3eb2965118bc2b7cabff4dda6e499341b765e5038ca61d", size = 89326, upload-time = "2025-06-06T07:00:27.477Z" },
]

[[package]]
name = "winrt-windows-devices-bluetooth-genericattributeprofile"
version = "3.2.1"
source = { registry = "https://pypi.org/simple" }
dependencies = [
    { name = "winrt-runtime" },
]
sdist = { url = "https://files.pythonhosted.org/packages/44/21/aeeddc0eccdfbd25e543360b5cc093233e2eab3cdfb53ad3cabae1b5d04d/winrt_windows_devices_bluetooth_genericattributeprofile-3.2.1.tar.gz", hash = "sha256:cdf6ddc375e9150d040aca67f5a17c41ceaf13a63f3668f96608bc1d045dde71", size = 38896, upload-time = "2025-06-06T14:41:22.687Z" }
wheels = [
    { url = "https://files.pythonhosted.org/packages/ec/93/30b45ce473d1a604908221a1fa035fe8d5e4bb9008e820ae671a21dab94c/winrt_windows_devices_bluetooth_genericattributeprofile-3.2.1-cp313-cp313-win32.whl", hash = "sha256:b1879c8dcf46bd2110b9ad4b0b185f4e2a5f95170d014539203a5fee2b2115f0", size = 183342, upload-time = "2025-06-06T07:00:56.16Z" },
    { url = "https://files.pythonhosted.org/packages/5b/3b/eb9d99b82a36002d7885206d00ea34f4a23db69c16c94816434ded728fa3/winrt_windows_devices_bluetooth_genericattributeprofile-3.2.1-cp313-cp313-win_amd64.whl", hash = "sha256:8d8d89f01e9b6931fb48217847caac3227a0aeb38a5b7782af71c2e7b262ec30", size = 187844, upload-time = "2025-06-06T07:00:57.134Z" },
    { url = "https://files.pythonhosted.org/packages/84/9b/ebbbe9be9a3e640dcfc5f166eb48f2f9d8ce42553f83aa9f4c5dcd9eb5f5/winrt_windows_devices_bluetooth_genericattributeprofile-3.2.1-cp313-cp313-win_arm64.whl", hash = "sha256:4e71207bb89798016b1795bb15daf78afe45529f2939b3b9e78894cfe650b383", size = 184540, upload-time = "2025-06-06T07:00:58.081Z" },
]

[[package]]
name = "winrt-windows-devices-enumeration"
version = "3.2.1"
source = { registry = "https://pypi.org/simple" }
dependencies = [
    { name = "winrt-runtime" },
]
sdist = { url = "https://files.pythonhosted.org/packages/9e/dd/75835bfbd063dffa152109727dedbd80f6e92ea284855f7855d48cdf31c9/winrt_windows_devices_enumeration-3.2.1.tar.gz", hash = "sha256:df316899e39bfc0ffc1f3cb0f5ee54d04e1d167fbbcc1484d2d5121449a935cf", size = 23538, upload-time = "2025-06-06T14:41:26.787Z" }
wheels = [
    { url = "https://files.pythonhosted.org/packages/ff/7d/ebd712ab8ccd599c593796fbcd606abe22b5a8e20db134aa87987d67ac0e/winrt_windows_devices_enumeration-3.2.1-cp313-cp313-win32.whl", hash = "sha256:14a71cdcc84f624c209cbb846ed6bd9767a9a9437b2bf26b48ac9a91599da6e9", size = 130276, upload-time = "2025-06-06T07:02:05.178Z" },
    { url = "https://files.pythonhosted.org/packages/70/de/f30daaaa0e6f4edb6bd7ddb3e058bd453c9ad90c032a4545c4d4639338aa/winrt_windows_devices_enumeration-3.2.1-cp313-cp313-win_amd64.whl", hash = "sha256:6ca40d334734829e178ad46375275c4f7b5d6d2d4fc2e8879690452cbfb36015", size = 141536, upload-time = "2025-06-06T07:02:06.067Z" },
    { url = "https://files.pythonhosted.org/packages/75/4b/9a6aafdc74a085c550641a325be463bf4b811f6f605766c9cd4f4b5c19d2/winrt_windows_devices_enumeration-3.2.1-cp313-cp313-win_arm64.whl", hash = "sha256:2d14d187f43e4409c7814b7d1693c03a270e77489b710d92fcbbaeca5de260d4", size = 135362, upload-time = "2025-06-06T07:02:06.997Z" },
]

[[package]]
name = "winrt-windows-foundation"
version = "3.2.1"
source = { registry = "https://pypi.org/simple" }
dependencies = [
    { name = "winrt-runtime" },
]
sdist = { url = "https://files.pythonhosted.org/packages/0c/55/098ce7ea0679efcc1298b269c48768f010b6c68f90c588f654ec874c8a74/winrt_windows_foundation-3.2.1.tar.gz", hash = "sha256:ad2f1fcaa6c34672df45527d7c533731fdf65b67c4638c2b4aca949f6eec0656", size = 30485, upload-time = "2025-06-06T14:41:53.344Z" }
wheels = [
    { url = "https://files.pythonhosted.org/packages/7b/71/5e87131e4aecc8546c76b9e190bfe4e1292d028bda3f9dd03b005d19c76c/winrt_windows_foundation-3.2.1-cp313-cp313-win32.whl", hash = "sha256:3998dc58ed50ecbdbabace1cdef3a12920b725e32a5806d648ad3f4829d5ba46", size = 112184, upload-time = "2025-06-06T07:11:04.459Z" },
    { url = "https://files.pythonhosted.org/packages/ba/7f/8d5108461351d4f6017f550af8874e90c14007f9122fa2eab9f9e0e9b4e1/winrt_windows_foundation-3.2.1-cp313-cp313-win_amd64.whl", hash = "sha256:6e98617c1e46665c7a56ce3f5d28e252798416d1ebfee3201267a644a4e3c479", size = 118672, upload-time = "2025-06-06T07:11:05.55Z" },
    { url = "https://files.pythonhosted.org/packages/44/f5/2edf70922a3d03500dab17121b90d368979bd30016f6dbca0d043f0c71f1/winrt_windows_foundation-3.2.1-cp313-cp313-win_arm64.whl", hash = "sha256:2a8c1204db5c352f6a563130a5a41d25b887aff7897bb677d4ff0b660315aad4", size = 109673, upload-time = "2025-06-06T07:11:06.398Z" },
]

[[package]]
name = "winrt-windows-foundation-collections"
version = "3.2.1"
source = { registry = "https://pypi.org/simple" }
dependencies = [
    { name = "winrt-runtime" },
]
sdist = { url = "https://files.pythonhosted.org/packages/ef/62/d21e3f1eeb8d47077887bbf0c3882c49277a84d8f98f7c12bda64d498a07/winrt_windows_foundation_collections-3.2.1.tar.gz", hash = "sha256:0eff1ad0d8d763ad17e9e7bbd0c26a62b27215016393c05b09b046d6503ae6d5", size = 16043, upload-time = "2025-06-06T14:41:53.983Z" }
wheels = [
    { url = "https://files.pythonhosted.org/packages/a6/cd/99ef050d80bea2922fa1ded93e5c250732634095d8bd3595dd808083e5ca/winrt_windows_foundation_collections-3.2.1-cp313-cp313-win32.whl", hash = "sha256:4267a711b63476d36d39227883aeb3fb19ac92b88a9fc9973e66fbce1fd4aed9", size = 60063, upload-time = "2025-06-06T07:11:18.65Z" },
    { url = "https://files.pythonhosted.org/packages/94/93/4f75fd6a4c96f1e9bee198c5dc9a9b57e87a9c38117e1b5e423401886353/winrt_windows_foundation_collections-3.2.1-cp313-cp313-win_amd64.whl", hash = "sha256:5e12a6e75036ee90484c33e204b85fb6785fcc9e7c8066ad65097301f48cdd10", size = 69057, upload-time = "2025-06-06T07:11:19.446Z" },
    { url = "https://files.pythonhosted.org/packages/40/76/de47ccc390017ec5575e7e7fd9f659ee3747c52049cdb2969b1b538ce947/winrt_windows_foundation_collections-3.2.1-cp313-cp313-win_arm64.whl", hash = "sha256:34b556255562f1b36d07fba933c2bcd9f0db167fa96727a6cbb4717b152ad7a2", size = 58792, upload-time = "2025-06-06T07:11:20.24Z" },
]

[[package]]
name = "winrt-windows-storage-streams"
version = "3.2.1"
source = { registry = "https://pypi.org/simple" }
dependencies = [
    { name = "winrt-runtime" },
]
sdist = { url = "https://files.pythonhosted.org/packages/00/50/f4488b07281566e3850fcae1021f0285c9653992f60a915e15567047db63/winrt_windows_storage_streams-3.2.1.tar.gz", hash = "sha256:476f522722751eb0b571bc7802d85a82a3cae8b1cce66061e6e758f525e7b80f", size = 34335, upload-time = "2025-06-06T14:43:23.905Z" }
wheels = [
    { url = "https://files.pythonhosted.org/packages/d9/d2/24d9f59bdc05e741261d5bec3bcea9a848d57714126a263df840e2b515a8/winrt_windows_storage_streams-3.2.1-cp313-cp313-win32.whl", hash = "sha256:401bb44371720dc43bd1e78662615a2124372e7d5d9d65dfa8f77877bbcb8163", size = 127774, upload-time = "2025-06-06T14:02:04.752Z" },
    { url = "https://files.pythonhosted.org/packages/15/59/601724453b885265c7779d5f8025b043a68447cbc64ceb9149d674d5b724/winrt_windows_storage_streams-3.2.1-cp313-cp313-win_amd64.whl", hash = "sha256:202c5875606398b8bfaa2a290831458bb55f2196a39c1d4e5fa88a03d65ef915", size = 131827, upload-time = "2025-06-06T14:02:05.601Z" },
    { url = "https://files.pythonhosted.org/packages/fb/c2/a419675a6087c9ea496968c9b7805ef234afa585b7483e2269608a12b044/winrt_windows_storage_streams-3.2.1-cp313-cp313-win_arm64.whl", hash = "sha256:ca3c5ec0aab60895006bf61053a1aca6418bc7f9a27a34791ba3443b789d230d", size = 128180, upload-time = "2025-06-06T14:02:06.759Z" },
]
